
Microsoft Visual Studio Solution File, Format Version 12.00
# Visual Studio Version 17
VisualStudioVersion = 17.5.002.0
MinimumVisualStudioVersion = 10.0.40219.1
Project("{9A19103F-16F7-4668-BE54-9A1E7A4F7556}") = "TheWheelBoH", "TheWheelBoH.csproj", "{C946F2AE-4E38-44ED-AFDB-D902D89D1C51}"
EndProject
Global
	GlobalSection(SolutionConfigurationPlatforms) = preSolution
		Debug|Any CPU = Debug|Any CPU
		Release|Any CPU = Release|Any CPU
	EndGlobalSection
	GlobalSection(ProjectConfigurationPlatforms) = postSolution
		{C946F2AE-4E38-44ED-AFDB-D902D89D1C51}.Debug|Any CPU.ActiveCfg = Debug|Any CPU
		{C946F2AE-4E38-44ED-AFDB-D902D89D1C51}.Debug|Any CPU.Build.0 = Debug|Any CPU
		{C946F2AE-4E38-44ED-AFDB-D902D89D1C51}.Release|Any CPU.ActiveCfg = Release|Any CPU
		{C946F2AE-4E38-44ED-AFDB-D902D89D1C51}.Release|Any CPU.Build.0 = Release|Any CPU
	EndGlobalSection
	GlobalSection(SolutionProperties) = preSolution
		HideSolutionNode = FALSE
	EndGlobalSection
	GlobalSection(ExtensibilityGlobals) = postSolution
		SolutionGuid = {03360E11-3CA6-4B96-8FDE-F34F32AD08BE}
	EndGlobalSection
EndGlobal
